
Microsoft Visual Studio Solution File, Format Version 12.00
# Visual Studio Version 17
VisualStudioVersion = 17.13.35919.96
MinimumVisualStudioVersion = 10.0.40219.1
Project("{FAE04EC0-301F-11D3-BF4B-00C04F79EFBC}") = "wrec", "wrec.csproj", "{C21DDC9E-8D3D-4A80-80D7-742F7C2EC9A1}"
EndProject
Project("{54435603-DBB4-11D2-8724-00A0C9A8B90C}") = "wrec-installer", "..\wrec-installer\wrec-installer.vdproj", "{7B075036-12B2-22C2-41C1-C4631ECE793F}"
EndProject
Global
	GlobalSection(SolutionConfigurationPlatforms) = preSolution
		Debug|Any CPU = Debug|Any CPU
		Debug|ARM64 = Debug|ARM64
		Debug|x64 = Debug|x64
		Debug|x86 = Debug|x86
		Release|Any CPU = Release|Any CPU
		Release|ARM64 = Release|ARM64
		Release|x64 = Release|x64
		Release|x86 = Release|x86
	EndGlobalSection
	GlobalSection(ProjectConfigurationPlatforms) = postSolution
		{C21DDC9E-8D3D-4A80-80D7-742F7C2EC9A1}.Debug|ARM64.ActiveCfg = Debug|ARM64
		{C21DDC9E-8D3D-4A80-80D7-742F7C2EC9A1}.Debug|ARM64.Build.0 = Debug|ARM64
		{C21DDC9E-8D3D-4A80-80D7-742F7C2EC9A1}.Debug|x64.ActiveCfg = Debug|x64
		{C21DDC9E-8D3D-4A80-80D7-742F7C2EC9A1}.Debug|x64.Build.0 = Debug|x64
		{C21DDC9E-8D3D-4A80-80D7-742F7C2EC9A1}.Debug|x86.ActiveCfg = Debug|x86
		{C21DDC9E-8D3D-4A80-80D7-742F7C2EC9A1}.Debug|x86.Build.0 = Debug|x86
		{C21DDC9E-8D3D-4A80-80D7-742F7C2EC9A1}.Release|Any CPU.ActiveCfg = Release|Any CPU
		{C21DDC9E-8D3D-4A80-80D7-742F7C2EC9A1}.Release|Any CPU.Build.0 = Release|Any CPU
		{C21DDC9E-8D3D-4A80-80D7-742F7C2EC9A1}.Release|ARM64.ActiveCfg = Release|ARM64
		{C21DDC9E-8D3D-4A80-80D7-742F7C2EC9A1}.Release|ARM64.Build.0 = Release|ARM64
		{C21DDC9E-8D3D-4A80-80D7-742F7C2EC9A1}.Release|x64.ActiveCfg = Release|x64
		{C21DDC9E-8D3D-4A80-80D7-742F7C2EC9A1}.Release|x64.Build.0 = Release|x64
		{C21DDC9E-8D3D-4A80-80D7-742F7C2EC9A1}.Release|x86.ActiveCfg = Release|x64
		{C21DDC9E-8D3D-4A80-80D7-742F7C2EC9A1}.Release|x86.Build.0 = Release|x64
		{C21DDC9E-8D3D-4A80-80D7-742F7C2EC9A1}.Debug|Any CPU.ActiveCfg = Release|x64
		{C21DDC9E-8D3D-4A80-80D7-742F7C2EC9A1}.Debug|Any CPU.Build.0 = Release|x64
	EndGlobalSection
	GlobalSection(SolutionProperties) = preSolution
		HideSolutionNode = FALSE
	EndGlobalSection
	GlobalSection(ExtensibilityGlobals) = postSolution
		SolutionGuid = {AD604B7B-DB3B-4F8A-8F19-3A7D639B3F89}
	EndGlobalSection
EndGlobal
